{
  "name": "windtunnel",
  "lockfileVersion": 3,
  "requires": true,
  "packages": {
    "": {
      "devDependencies": {
        "daisyui": "^5.6.7"
      }
    },
    "node_modules/daisyui": {
      "version": "5.6.7",
      "resolved": "https://registry.npmjs.org/daisyui/-/daisyui-5.6.7.tgz",
      "integrity": "sha512-FVpuUbesyAUBWNp5pXn9JDF1EWt3IZJzp5Staw1YqfP0MwL36sv3wtmfWeuEBkZcazaQbeZXA91oW5dSB+TUEg==",
      "dev": true,
      "license": "MIT",
      "funding": {
        "url": "https://github.com/saadeghi/daisyui?sponsor=1"
      }
    }
  }
}
